
Microsoft Visual Studio Solution File, Format Version 12.00
# Visual Studio Version 17
VisualStudioVersion = 17.7.34031.279
MinimumVisualStudioVersion = 10.0.40219.1
Project("{FAE04EC0-301F-11D3-BF4B-00C04F79EFBC}") = "E161", "E161\E161.csproj", "{71406800-2EE3-4E82-A275-87FBB871912E}"
EndProject
Global
	GlobalSection(SolutionConfigurationPlatforms) = preSolution
		Debug|Any CPU = Debug|Any CPU
		Release|Any CPU = Release|Any CPU
	EndGlobalSection
	GlobalSection(ProjectConfigurationPlatforms) = postSolution
		{71406800-2EE3-4E82-A275-87FBB871912E}.Debug|Any CPU.ActiveCfg = Debug|Any CPU
		{71406800-2EE3-4E82-A275-87FBB871912E}.Debug|Any CPU.Build.0 = Debug|Any CPU
		{71406800-2EE3-4E82-A275-87FBB871912E}.Release|Any CPU.ActiveCfg = Release|Any CPU
		{71406800-2EE3-4E82-A275-87FBB871912E}.Release|Any CPU.Build.0 = Release|Any CPU
	EndGlobalSection
	GlobalSection(SolutionProperties) = preSolution
		HideSolutionNode = FALSE
	EndGlobalSection
	GlobalSection(ExtensibilityGlobals) = postSolution
		SolutionGuid = {7C934CAE-35C9-43D0-BE35-8DE5A9771404}
	EndGlobalSection
EndGlobal
